
Microsoft Visual Studio Solution File, Format Version 12.00
# Visual Studio 15
Project("{FAE04EC0-301F-11D3-BF4B-00C04F79EFBC}") = "Assembly-CSharp", "Assembly-CSharp.csproj", "{2BEF118B-39A4-A385-642C-50AFE6C579F1}"
EndProject
Project("{FAE04EC0-301F-11D3-BF4B-00C04F79EFBC}") = "Assembly-CSharp-Editor", "Assembly-CSharp-Editor.csproj", "{565279D5-C85E-D9FE-B305-5725BE08873A}"
EndProject
Global
	GlobalSection(SolutionConfigurationPlatforms) = preSolution
		Debug|Any CPU = Debug|Any CPU
		Release|Any CPU = Release|Any CPU
	EndGlobalSection
	GlobalSection(ProjectConfigurationPlatforms) = postSolution
		{2BEF118B-39A4-A385-642C-50AFE6C579F1}.Debug|Any CPU.ActiveCfg = Debug|Any CPU
		{2BEF118B-39A4-A385-642C-50AFE6C579F1}.Debug|Any CPU.Build.0 = Debug|Any CPU
		{2BEF118B-39A4-A385-642C-50AFE6C579F1}.Release|Any CPU.ActiveCfg = Release|Any CPU
		{2BEF118B-39A4-A385-642C-50AFE6C579F1}.Release|Any CPU.Build.0 = Release|Any CPU
		{565279D5-C85E-D9FE-B305-5725BE08873A}.Debug|Any CPU.ActiveCfg = Debug|Any CPU
		{565279D5-C85E-D9FE-B305-5725BE08873A}.Debug|Any CPU.Build.0 = Debug|Any CPU
		{565279D5-C85E-D9FE-B305-5725BE08873A}.Release|Any CPU.ActiveCfg = Release|Any CPU
		{565279D5-C85E-D9FE-B305-5725BE08873A}.Release|Any CPU.Build.0 = Release|Any CPU
	EndGlobalSection
	GlobalSection(SolutionProperties) = preSolution
		HideSolutionNode = FALSE
	EndGlobalSection
EndGlobal
